// !$*UTF8*$!
{
	archiveVersion = 1;
	classes = {
	};
	objectVersion = 50;
	objects = {

/* Begin PBXBuildFile section */
		46C0CD54257D353B00184512 /* AppDelegate.swift in Sources */ = {isa = PBXBuildFile; fileRef = 46C0CD53257D353B00184512 /* AppDelegate.swift */; };
		46C0CD56257D353B00184512 /* SceneDelegate.swift in Sources */ = {isa = PBXBuildFile; fileRef = 46C0CD55257D353B00184512 /* SceneDelegate.swift */; };
		46C0CD58257D353B00184512 /* ViewController.swift in Sources */ = {isa = PBXBuildFile; fileRef = 46C0CD57257D353B00184512 /* ViewController.swift */; };
		46C0CD5B257D353B00184512 /* Main.storyboard in Resources */ = {isa = PBXBuildFile; fileRef = 46C0CD59257D353B00184512 /* Main.storyboard */; };
		46C0CD5D257D353E00184512 /* Assets.xcassets in Resources */ = {isa = PBXBuildFile; fileRef = 46C0CD5C257D353E00184512 /* Assets.xcassets */; };
		46C0CD60257D353E00184512 /* LaunchScreen.storyboard in Resources */ = {isa = PBXBuildFile; fileRef = 46C0CD5E257D353E00184512 /* LaunchScreen.storyboard */; };
		46C0CD6B257D353E00184512 /* AppsverseDemoTests.swift in Sources */ = {isa = PBXBuildFile; fileRef = 46C0CD6A257D353E00184512 /* AppsverseDemoTests.swift */; };
		46C0CD76257D353E00184512 /* AppsverseDemoUITests.swift in Sources */ = {isa = PBXBuildFile; fileRef = 46C0CD75257D353E00184512 /* AppsverseDemoUITests.swift */; };
/* End PBXBuildFile section */

/* Begin PBXContainerItemProxy section */
		46C0CD67257D353E00184512 /* PBXContainerItemProxy */ = {
			isa = PBXContainerItemProxy;
			containerPortal = 46C0CD48257D353B00184512 /* Project object */;
			proxyType = 1;
			remoteGlobalIDString = 46C0CD4F257D353B00184512;
			remoteInfo = AppsverseDemo;
		};
		46C0CD72257D353E00184512 /* PBXContainerItemProxy */ = {
			isa = PBXContainerItemProxy;
			containerPortal = 46C0CD48257D353B00184512 /* Project object */;
			proxyType = 1;
			remoteGlobalIDString = 46C0CD4F257D353B00184512;
			remoteInfo = AppsverseDemo;
		};
/* End PBXContainerItemProxy section */

/* Begin PBXFileReference section */
		46C0CD50257D353B00184512 /* AppsverseDemo.app */ = {isa = PBXFileReference; explicitFileType = wrapper.application; includeInIndex = 0; path = AppsverseDemo.app; sourceTree = BUILT_PRODUCTS_DIR; };
		46C0CD53257D353B00184512 /* AppDelegate.swift */ = {isa = PBXFileReference; lastKnownFileType = sourcecode.swift; path = AppDelegate.swift; sourceTree = "<group>"; };
		46C0CD55257D353B00184512 /* SceneDelegate.swift */ = {isa = PBXFileReference; lastKnownFileType = sourcecode.swift; path = SceneDelegate.swift; sourceTree = "<group>"; };
		46C0CD57257D353B00184512 /* ViewController.swift */ = {isa = PBXFileReference; lastKnownFileType = sourcecode.swift; path = ViewController.swift; sourceTree = "<group>"; };
		46C0CD5A257D353B00184512 /* Base */ = {isa = PBXFileReference; lastKnownFileType = file.storyboard; name = Base; path = Base.lproj/Main.storyboard; sourceTree = "<group>"; };
		46C0CD5C257D353E00184512 /* Assets.xcassets */ = {isa = PBXFileReference; lastKnownFileType = folder.assetcatalog; path = Assets.xcassets; sourceTree = "<group>"; };
		46C0CD5F257D353E00184512 /* Base */ = {isa = PBXFileReference; lastKnownFileType = file.storyboard; name = Base; path = Base.lproj/LaunchScreen.storyboard; sourceTree = "<group>"; };
		46C0CD61257D353E00184512 /* Info.plist */ = {isa = PBXFileReference; lastKnownFileType = text.plist.xml; path = Info.plist; sourceTree = "<group>"; };
		46C0CD66257D353E00184512 /* AppsverseDemoTests.xctest */ = {isa = PBXFileReference; explicitFileType = wrapper.cfbundle; includeInIndex = 0; path = AppsverseDemoTests.xctest; sourceTree = BUILT_PRODUCTS_DIR; };
		46C0CD6A257D353E00184512 /* AppsverseDemoTests.swift */ = {isa = PBXFileReference; lastKnownFileType = sourcecode.swift; path = AppsverseDemoTests.swift; sourceTree = "<group>"; };
		46C0CD6C257D353E00184512 /* Info.plist */ = {isa = PBXFileReference; lastKnownFileType = text.plist.xml; path = Info.plist; sourceTree = "<group>"; };
		46C0CD71257D353E00184512 /* AppsverseDemoUITests.xctest */ = {isa = PBXFileReference; explicitFileType = wrapper.cfbundle; includeInIndex = 0; path = AppsverseDemoUITests.xctest; sourceTree = BUILT_PRODUCTS_DIR; };
		46C0CD75257D353E00184512 /* AppsverseDemoUITests.swift */ = {isa = PBXFileReference; lastKnownFileType = sourcecode.swift; path = AppsverseDemoUITests.swift; sourceTree = "<group>"; };
		46C0CD77257D353E00184512 /* Info.plist */ = {isa = PBXFileReference; lastKnownFileType = text.plist.xml; path = Info.plist; sourceTree = "<group>"; };
/* End PBXFileReference section */

/* Begin PBXFrameworksBuildPhase section */
		46C0CD4D257D353B00184512 /* Frameworks */ = {
			isa = PBXFrameworksBuildPhase;
			buildActionMask = 2147483647;
			files = (
			);
			runOnlyForDeploymentPostprocessing = 0;
		};
		46C0CD63257D353E00184512 /* Frameworks */ = {
			isa = PBXFrameworksBuildPhase;
			buildActionMask = 2147483647;
			files = (
			);
			runOnlyForDeploymentPostprocessing = 0;
		};
		46C0CD6E257D353E00184512 /* Frameworks */ = {
			isa = PBXFrameworksBuildPhase;
			buildActionMask = 2147483647;
			files = (
			);
			runOnlyForDeploymentPostprocessing = 0;
		};
/* End PBXFrameworksBuildPhase section */

/* Begin PBXGroup section */
		46C0CD47257D353B00184512 = {
			isa = PBXGroup;
			children = (
				46C0CD52257D353B00184512 /* AppsverseDemo */,
				46C0CD69257D353E00184512 /* AppsverseDemoTests */,
				46C0CD74257D353E00184512 /* AppsverseDemoUITests */,
				46C0CD51257D353B00184512 /* Products */,
			);
			sourceTree = "<group>";
		};
		46C0CD51257D353B00184512 /* Products */ = {
			isa = PBXGroup;
			children = (
				46C0CD50257D353B00184512 /* AppsverseDemo.app */,
				46C0CD66257D353E00184512 /* AppsverseDemoTests.xctest */,
				46C0CD71257D353E00184512 /* AppsverseDemoUITests.xctest */,
			);
			name = Products;
			sourceTree = "<group>";
		};
		46C0CD52257D353B00184512 /* AppsverseDemo */ = {
			isa = PBXGroup;
			children = (
				46C0CD53257D353B00184512 /* AppDelegate.swift */,
				46C0CD55257D353B00184512 /* SceneDelegate.swift */,
				46C0CD57257D353B00184512 /* ViewController.swift */,
				46C0CD59257D353B00184512 /* Main.storyboard */,
				46C0CD5C257D353E00184512 /* Assets.xcassets */,
				46C0CD5E257D353E00184512 /* LaunchScreen.storyboard */,
				46C0CD61257D353E00184512 /* Info.plist */,
			);
			path = AppsverseDemo;
			sourceTree = "<group>";
		};
		46C0CD69257D353E00184512 /* AppsverseDemoTests */ = {
			isa = PBXGroup;
			children = (
				46C0CD6A257D353E00184512 /* AppsverseDemoTests.swift */,
				46C0CD6C257D353E00184512 /* Info.plist */,
			);
			path = AppsverseDemoTests;
			sourceTree = "<group>";
		};
		46C0CD74257D353E00184512 /* AppsverseDemoUITests */ = {
			isa = PBXGroup;
			children = (
				46C0CD75257D353E00184512 /* AppsverseDemoUITests.swift */,
				46C0CD77257D353E00184512 /* Info.plist */,
			);
			path = AppsverseDemoUITests;
			sourceTree = "<group>";
		};
/* End PBXGroup section */

/* Begin PBXNativeTarget section */
		46C0CD4F257D353B00184512 /* AppsverseDemo */ = {
			isa = PBXNativeTarget;
			buildConfigurationList = 46C0CD7A257D353E00184512 /* Build configuration list for PBXNativeTarget "AppsverseDemo" */;
			buildPhases = (
				46C0CD4C257D353B00184512 /* Sources */,
				46C0CD4D257D353B00184512 /* Frameworks */,
				46C0CD4E257D353B00184512 /* Resources */,
			);
			buildRules = (
			);
			dependencies = (
			);
			name = AppsverseDemo;
			productName = AppsverseDemo;
			productReference = 46C0CD50257D353B00184512 /* AppsverseDemo.app */;
			productType = "com.apple.product-type.application";
		};
		46C0CD65257D353E00184512 /* AppsverseDemoTests */ = {
			isa = PBXNativeTarget;
			buildConfigurationList = 46C0CD7D257D353E00184512 /* Build configuration list for PBXNativeTarget "AppsverseDemoTests" */;
			buildPhases = (
				46C0CD62257D353E00184512 /* Sources */,
				46C0CD63257D353E00184512 /* Frameworks */,
				46C0CD64257D353E00184512 /* Resources */,
			);
			buildRules = (
			);
			dependencies = (
				46C0CD68257D353E00184512 /* PBXTargetDependency */,
			);
			name = AppsverseDemoTests;
			productName = AppsverseDemoTests;
			productReference = 46C0CD66257D353E00184512 /* AppsverseDemoTests.xctest */;
			productType = "com.apple.product-type.bundle.unit-test";
		};
		46C0CD70257D353E00184512 /* AppsverseDemoUITests */ = {
			isa = PBXNativeTarget;
			buildConfigurationList = 46C0CD80257D353E00184512 /* Build configuration list for PBXNativeTarget "AppsverseDemoUITests" */;
			buildPhases = (
				46C0CD6D257D353E00184512 /* Sources */,
				46C0CD6E257D353E00184512 /* Frameworks */,
				46C0CD6F257D353E00184512 /* Resources */,
			);
			buildRules = (
			);
			dependencies = (
				46C0CD73257D353E00184512 /* PBXTargetDependency */,
			);
			name = AppsverseDemoUITests;
			productName = AppsverseDemoUITests;
			productReference = 46C0CD71257D353E00184512 /* AppsverseDemoUITests.xctest */;
			productType = "com.apple.product-type.bundle.ui-testing";
		};
/* End PBXNativeTarget section */

/* Begin PBXProject section */
		46C0CD48257D353B00184512 /* Project object */ = {
			isa = PBXProject;
			attributes = {
				LastSwiftUpdateCheck = 1220;
				LastUpgradeCheck = 1220;
				TargetAttributes = {
					46C0CD4F257D353B00184512 = {
						CreatedOnToolsVersion = 12.2;
					};
					46C0CD65257D353E00184512 = {
						CreatedOnToolsVersion = 12.2;
						TestTargetID = 46C0CD4F257D353B00184512;
					};
					46C0CD70257D353E00184512 = {
						CreatedOnToolsVersion = 12.2;
						TestTargetID = 46C0CD4F257D353B00184512;
					};
				};
			};
			buildConfigurationList = 46C0CD4B257D353B00184512 /* Build configuration list for PBXProject "AppsverseDemo" */;
			compatibilityVersion = "Xcode 9.3";
			developmentRegion = en;
			hasScannedForEncodings = 0;
			knownRegions = (
				en,
				Base,
			);
			mainGroup = 46C0CD47257D353B00184512;
			productRefGroup = 46C0CD51257D353B00184512 /* Products */;
			projectDirPath = "";
			projectRoot = "";
			targets = (
				46C0CD4F257D353B00184512 /* AppsverseDemo */,
				46C0CD65257D353E00184512 /* AppsverseDemoTests */,
				46C0CD70257D353E00184512 /* AppsverseDemoUITests */,
			);
		};
/* End PBXProject section */

/* Begin PBXResourcesBuildPhase section */
		46C0CD4E257D353B00184512 /* Resources */ = {
			isa = PBXResourcesBuildPhase;
			buildActionMask = 2147483647;
			files = (
				46C0CD60257D353E00184512 /* LaunchScreen.storyboard in Resources */,
				46C0CD5D257D353E00184512 /* Assets.xcassets in Resources */,
				46C0CD5B257D353B00184512 /* Main.storyboard in Resources */,
			);
			runOnlyForDeploymentPostprocessing = 0;
		};
		46C0CD64257D353E00184512 /* Resources */ = {
			isa = PBXResourcesBuildPhase;
			buildActionMask = 2147483647;
			files = (
			);
			runOnlyForDeploymentPostprocessing = 0;
		};
		46C0CD6F257D353E00184512 /* Resources */ = {
			isa = PBXResourcesBuildPhase;
			buildActionMask = 2147483647;
			files = (
			);
			runOnlyForDeploymentPostprocessing = 0;
		};
/* End PBXResourcesBuildPhase section */

/* Begin PBXSourcesBuildPhase section */
		46C0CD4C257D353B00184512 /* Sources */ = {
			isa = PBXSourcesBuildPhase;
			buildActionMask = 2147483647;
			files = (
				46C0CD58257D353B00184512 /* ViewController.swift in Sources */,
				46C0CD54257D353B00184512 /* AppDelegate.swift in Sources */,
				46C0CD56257D353B00184512 /* SceneDelegate.swift in Sources */,
			);
			runOnlyForDeploymentPostprocessing = 0;
		};
		46C0CD62257D353E00184512 /* Sources */ = {
			isa = PBXSourcesBuildPhase;
			buildActionMask = 2147483647;
			files = (
				46C0CD6B257D353E00184512 /* AppsverseDemoTests.swift in Sources */,
			);
			runOnlyForDeploymentPostprocessing = 0;
		};
		46C0CD6D257D353E00184512 /* Sources */ = {
			isa = PBXSourcesBuildPhase;
			buildActionMask = 2147483647;
			files = (
				46C0CD76257D353E00184512 /* AppsverseDemoUITests.swift in Sources */,
			);
			runOnlyForDeploymentPostprocessing = 0;
		};
/* End PBXSourcesBuildPhase section */

/* Begin PBXTargetDependency section */
		46C0CD68257D353E00184512 /* PBXTargetDependency */ = {
			isa = PBXTargetDependency;
			target = 46C0CD4F257D353B00184512 /* AppsverseDemo */;
			targetProxy = 46C0CD67257D353E00184512 /* PBXContainerItemProxy */;
		};
		46C0CD73257D353E00184512 /* PBXTargetDependency */ = {
			isa = PBXTargetDependency;
			target = 46C0CD4F257D353B00184512 /* AppsverseDemo */;
			targetProxy = 46C0CD72257D353E00184512 /* PBXContainerItemProxy */;
		};
/* End PBXTargetDependency section */

/* Begin PBXVariantGroup section */
		46C0CD59257D353B00184512 /* Main.storyboard */ = {
			isa = PBXVariantGroup;
			children = (
				46C0CD5A257D353B00184512 /* Base */,
			);
			name = Main.storyboard;
			sourceTree = "<group>";
		};
		46C0CD5E257D353E00184512 /* LaunchScreen.storyboard */ = {
			isa = PBXVariantGroup;
			children = (
				46C0CD5F257D353E00184512 /* Base */,
			);
			name = LaunchScreen.storyboard;
			sourceTree = "<group>";
		};
/* End PBXVariantGroup section */

/* Begin XCBuildConfiguration section */
		46C0CD78257D353E00184512 /* Debug */ = {
			isa = XCBuildConfiguration;
			buildSettings = {
				ALWAYS_SEARCH_USER_PATHS = NO;
				CLANG_ANALYZER_NONNULL = YES;
				CLANG_ANALYZER_NUMBER_OBJECT_CONVERSION = YES_AGGRESSIVE;
				CLANG_CXX_LANGUAGE_STANDARD = "gnu++14";
				CLANG_CXX_LIBRARY = "libc++";
				CLANG_ENABLE_MODULES = YES;
				CLANG_ENABLE_OBJC_ARC = YES;
				CLANG_ENABLE_OBJC_WEAK = YES;
				CLANG_WARN_BLOCK_CAPTURE_AUTORELEASING = YES;
				CLANG_WARN_BOOL_CONVERSION = YES;
				CLANG_WARN_COMMA = YES;
				CLANG_WARN_CONSTANT_CONVERSION = YES;
				CLANG_WARN_DEPRECATED_OBJC_IMPLEMENTATIONS = YES;
				CLANG_WARN_DIRECT_OBJC_ISA_USAGE = YES_ERROR;
				CLANG_WARN_DOCUMENTATION_COMMENTS = YES;
				CLANG_WARN_EMPTY_BODY = YES;
				CLANG_WARN_ENUM_CONVERSION = YES;
				CLANG_WARN_INFINITE_RECURSION = YES;
				CLANG_WARN_INT_CONVERSION = YES;
				CLANG_WARN_NON_LITERAL_NULL_CONVERSION = YES;
				CLANG_WARN_OBJC_IMPLICIT_RETAIN_SELF = YES;
				CLANG_WARN_OBJC_LITERAL_CONVERSION = YES;
				CLANG_WARN_OBJC_ROOT_CLASS = YES_ERROR;
				CLANG_WARN_QUOTED_INCLUDE_IN_FRAMEWORK_HEADER = YES;
				CLANG_WARN_RANGE_LOOP_ANALYSIS = YES;
				CLANG_WARN_STRICT_PROTOTYPES = YES;
				CLANG_WARN_SUSPICIOUS_MOVE = YES;
				CLANG_WARN_UNGUARDED_AVAILABILITY = YES_AGGRESSIVE;
				CLANG_WARN_UNREACHABLE_CODE = YES;
				CLANG_WARN__DUPLICATE_METHOD_MATCH = YES;
				COPY_PHASE_STRIP = NO;
				DEBUG_INFORMATION_FORMAT = dwarf;
				ENABLE_STRICT_OBJC_MSGSEND = YES;
				ENABLE_TESTABILITY = YES;
				GCC_C_LANGUAGE_STANDARD = gnu11;
				GCC_DYNAMIC_NO_PIC = NO;
				GCC_NO_COMMON_BLOCKS = YES;
				GCC_OPTIMIZATION_LEVEL = 0;
				GCC_PREPROCESSOR_DEFINITIONS = (
					"DEBUG=1",
					"$(inherited)",
				);
				GCC_WARN_64_TO_32_BIT_CONVERSION = YES;
				GCC_WARN_ABOUT_RETURN_TYPE = YES_ERROR;
				GCC_WARN_UNDECLARED_SELECTOR = YES;
				GCC_WARN_UNINITIALIZED_AUTOS = YES_AGGRESSIVE;
				GCC_WARN_UNUSED_FUNCTION = YES;
				GCC_WARN_UNUSED_VARIABLE = YES;
				IPHONEOS_DEPLOYMENT_TARGET = 14.2;
				MTL_ENABLE_DEBUG_INFO = INCLUDE_SOURCE;
				MTL_FAST_MATH = YES;
				ONLY_ACTIVE_ARCH = YES;
				SDKROOT = iphoneos;
				SWIFT_ACTIVE_COMPILATION_CONDITIONS = DEBUG;
				SWIFT_OPTIMIZATION_LEVEL = "-Onone";
			};
			name = Debug;
		};
		46C0CD79257D353E00184512 /* Release */ = {
			isa = XCBuildConfiguration;
			buildSettings = {
				ALWAYS_SEARCH_USER_PATHS = NO;
				CLANG_ANALYZER_NONNULL = YES;
				CLANG_ANALYZER_NUMBER_OBJECT_CONVERSION = YES_AGGRESSIVE;
				CLANG_CXX_LANGUAGE_STANDARD = "gnu++14";
				CLANG_CXX_LIBRARY = "libc++";
				CLANG_ENABLE_MODULES = YES;
				CLANG_ENABLE_OBJC_ARC = YES;
				CLANG_ENABLE_OBJC_WEAK = YES;
				CLANG_WARN_BLOCK_CAPTURE_AUTORELEASING = YES;
				CLANG_WARN_BOOL_CONVERSION = YES;
				CLANG_WARN_COMMA = YES;
				CLANG_WARN_CONSTANT_CONVERSION = YES;
				CLANG_WARN_DEPRECATED_OBJC_IMPLEMENTATIONS = YES;
				CLANG_WARN_DIRECT_OBJC_ISA_USAGE = YES_ERROR;
				CLANG_WARN_DOCUMENTATION_COMMENTS = YES;
				CLANG_WARN_EMPTY_BODY = YES;
				CLANG_WARN_ENUM_CONVERSION = YES;
				CLANG_WARN_INFINITE_RECURSION = YES;
				CLANG_WARN_INT_CONVERSION = YES;
				CLANG_WARN_NON_LITERAL_NULL_CONVERSION = YES;
				CLANG_WARN_OBJC_IMPLICIT_RETAIN_SELF = YES;
				CLANG_WARN_OBJC_LITERAL_CONVERSION = YES;
				CLANG_WARN_OBJC_ROOT_CLASS = YES_ERROR;
				CLANG_WARN_QUOTED_INCLUDE_IN_FRAMEWORK_HEADER = YES;
				CLANG_WARN_RANGE_LOOP_ANALYSIS = YES;
				CLANG_WARN_STRICT_PROTOTYPES = YES;
				CLANG_WARN_SUSPICIOUS_MOVE = YES;
				CLANG_WARN_UNGUARDED_AVAILABILITY = YES_AGGRESSIVE;
				CLANG_WARN_UNREACHABLE_CODE = YES;
				CLANG_WARN__DUPLICATE_METHOD_MATCH = YES;
				COPY_PHASE_STRIP = NO;
				DEBUG_INFORMATION_FORMAT = "dwarf-with-dsym";
				ENABLE_NS_ASSERTIONS = NO;
				ENABLE_STRICT_OBJC_MSGSEND = YES;
				GCC_C_LANGUAGE_STANDARD = gnu11;
				GCC_NO_COMMON_BLOCKS = YES;
				GCC_WARN_64_TO_32_BIT_CONVERSION = YES;
				GCC_WARN_ABOUT_RETURN_TYPE = YES_ERROR;
				GCC_WARN_UNDECLARED_SELECTOR = YES;
				GCC_WARN_UNINITIALIZED_AUTOS = YES_AGGRESSIVE;
				GCC_WARN_UNUSED_FUNCTION = YES;
				GCC_WARN_UNUSED_VARIABLE = YES;
				IPHONEOS_DEPLOYMENT_TARGET = 14.2;
				MTL_ENABLE_DEBUG_INFO = NO;
				MTL_FAST_MATH = YES;
				SDKROOT = iphoneos;
				SWIFT_COMPILATION_MODE = wholemodule;
				SWIFT_OPTIMIZATION_LEVEL = "-O";
				VALIDATE_PRODUCT = YES;
			};
			name = Release;
		};
		46C0CD7B257D353E00184512 /* Debug */ = {
			isa = XCBuildConfiguration;
			buildSettings = {
				ASSETCATALOG_COMPILER_APPICON_NAME = AppIcon;
				ASSETCATALOG_COMPILER_GLOBAL_ACCENT_COLOR_NAME = AccentColor;
				CODE_SIGN_STYLE = Automatic;
				DEVELOPMENT_TEAM = 949Q2D595G;
				INFOPLIST_FILE = AppsverseDemo/Info.plist;
				LD_RUNPATH_SEARCH_PATHS = (
					"$(inherited)",
					"@executable_path/Frameworks",
				);
				PRODUCT_BUNDLE_IDENTIFIER = com.demo.AppsverseDemo;
				PRODUCT_NAME = "$(TARGET_NAME)";
				SWIFT_VERSION = 5.0;
				TARGETED_DEVICE_FAMILY = "1,2";
			};
			name = Debug;
		};
		46C0CD7C257D353E00184512 /* Release */ = {
			isa = XCBuildConfiguration;
			buildSettings = {
				ASSETCATALOG_COMPILER_APPICON_NAME = AppIcon;
				ASSETCATALOG_COMPILER_GLOBAL_ACCENT_COLOR_NAME = AccentColor;
				CODE_SIGN_STYLE = Automatic;
				DEVELOPMENT_TEAM = 949Q2D595G;
				INFOPLIST_FILE = AppsverseDemo/Info.plist;
				LD_RUNPATH_SEARCH_PATHS = (
					"$(inherited)",
					"@executable_path/Frameworks",
				);
				PRODUCT_BUNDLE_IDENTIFIER = com.demo.AppsverseDemo;
				PRODUCT_NAME = "$(TARGET_NAME)";
				SWIFT_VERSION = 5.0;
				TARGETED_DEVICE_FAMILY = "1,2";
			};
			name = Release;
		};
		46C0CD7E257D353E00184512 /* Debug */ = {
			isa = XCBuildConfiguration;
			buildSettings = {
				ALWAYS_EMBED_SWIFT_STANDARD_LIBRARIES = YES;
				BUNDLE_LOADER = "$(TEST_HOST)";
				CODE_SIGN_STYLE = Automatic;
				DEVELOPMENT_TEAM = 949Q2D595G;
				INFOPLIST_FILE = AppsverseDemoTests/Info.plist;
				IPHONEOS_DEPLOYMENT_TARGET = 14.2;
				LD_RUNPATH_SEARCH_PATHS = (
					"$(inherited)",
					"@executable_path/Frameworks",
					"@loader_path/Frameworks",
				);
				PRODUCT_BUNDLE_IDENTIFIER = com.demo.AppsverseDemoTests;
				PRODUCT_NAME = "$(TARGET_NAME)";
				SWIFT_VERSION = 5.0;
				TARGETED_DEVICE_FAMILY = "1,2";
				TEST_HOST = "$(BUILT_PRODUCTS_DIR)/AppsverseDemo.app/AppsverseDemo";
			};
			name = Debug;
		};
		46C0CD7F257D353E00184512 /* Release */ = {
			isa = XCBuildConfiguration;
			buildSettings = {
				ALWAYS_EMBED_SWIFT_STANDARD_LIBRARIES = YES;
				BUNDLE_LOADER = "$(TEST_HOST)";
				CODE_SIGN_STYLE = Automatic;
				DEVELOPMENT_TEAM = 949Q2D595G;
				INFOPLIST_FILE = AppsverseDemoTests/Info.plist;
				IPHONEOS_DEPLOYMENT_TARGET = 14.2;
				LD_RUNPATH_SEARCH_PATHS = (
					"$(inherited)",
					"@executable_path/Frameworks",
					"@loader_path/Frameworks",
				);
				PRODUCT_BUNDLE_IDENTIFIER = com.demo.AppsverseDemoTests;
				PRODUCT_NAME = "$(TARGET_NAME)";
				SWIFT_VERSION = 5.0;
				TARGETED_DEVICE_FAMILY = "1,2";
				TEST_HOST = "$(BUILT_PRODUCTS_DIR)/AppsverseDemo.app/AppsverseDemo";
			};
			name = Release;
		};
		46C0CD81257D353E00184512 /* Debug */ = {
			isa = XCBuildConfiguration;
			buildSettings = {
				ALWAYS_EMBED_SWIFT_STANDARD_LIBRARIES = YES;
				CODE_SIGN_STYLE = Automatic;
				DEVELOPMENT_TEAM = 949Q2D595G;
				INFOPLIST_FILE = AppsverseDemoUITests/Info.plist;
				LD_RUNPATH_SEARCH_PATHS = (
					"$(inherited)",
					"@executable_path/Frameworks",
					"@loader_path/Frameworks",
				);
				PRODUCT_BUNDLE_IDENTIFIER = com.demo.AppsverseDemoUITests;
				PRODUCT_NAME = "$(TARGET_NAME)";
				SWIFT_VERSION = 5.0;
				TARGETED_DEVICE_FAMILY = "1,2";
				TEST_TARGET_NAME = AppsverseDemo;
			};
			name = Debug;
		};
		46C0CD82257D353E00184512 /* Release */ = {
			isa = XCBuildConfiguration;
			buildSettings = {
				ALWAYS_EMBED_SWIFT_STANDARD_LIBRARIES = YES;
				CODE_SIGN_STYLE = Automatic;
				DEVELOPMENT_TEAM = 949Q2D595G;
				INFOPLIST_FILE = AppsverseDemoUITests/Info.plist;
				LD_RUNPATH_SEARCH_PATHS = (
					"$(inherited)",
					"@executable_path/Frameworks",
					"@loader_path/Frameworks",
				);
				PRODUCT_BUNDLE_IDENTIFIER = com.demo.AppsverseDemoUITests;
				PRODUCT_NAME = "$(TARGET_NAME)";
				SWIFT_VERSION = 5.0;
				TARGETED_DEVICE_FAMILY = "1,2";
				TEST_TARGET_NAME = AppsverseDemo;
			};
			name = Release;
		};
/* End XCBuildConfiguration section */

/* Begin XCConfigurationList section */
		46C0CD4B257D353B00184512 /* Build configuration list for PBXProject "AppsverseDemo" */ = {
			isa = XCConfigurationList;
			buildConfigurations = (
				46C0CD78257D353E00184512 /* Debug */,
				46C0CD79257D353E00184512 /* Release */,
			);
			defaultConfigurationIsVisible = 0;
			defaultConfigurationName = Release;
		};
		46C0CD7A257D353E00184512 /* Build configuration list for PBXNativeTarget "AppsverseDemo" */ = {
			isa = XCConfigurationList;
			buildConfigurations = (
				46C0CD7B257D353E00184512 /* Debug */,
				46C0CD7C257D353E00184512 /* Release */,
			);
			defaultConfigurationIsVisible = 0;
			defaultConfigurationName = Release;
		};
		46C0CD7D257D353E00184512 /* Build configuration list for PBXNativeTarget "AppsverseDemoTests" */ = {
			isa = XCConfigurationList;
			buildConfigurations = (
				46C0CD7E257D353E00184512 /* Debug */,
				46C0CD7F257D353E00184512 /* Release */,
			);
			defaultConfigurationIsVisible = 0;
			defaultConfigurationName = Release;
		};
		46C0CD80257D353E00184512 /* Build configuration list for PBXNativeTarget "AppsverseDemoUITests" */ = {
			isa = XCConfigurationList;
			buildConfigurations = (
				46C0CD81257D353E00184512 /* Debug */,
				46C0CD82257D353E00184512 /* Release */,
			);
			defaultConfigurationIsVisible = 0;
			defaultConfigurationName = Release;
		};
/* End XCConfigurationList section */
	};
	rootObject = 46C0CD48257D353B00184512 /* Project object */;
}
